
Microsoft Visual Studio Solution File, Format Version 12.00
# Visual Studio Version 16
VisualStudioVersion = 16.0.29001.49
MinimumVisualStudioVersion = 10.0.40219.1
Project("{FAE04EC0-301F-11D3-BF4B-00C04F79EFBC}") = "WhatsappMediaTutorial", "WhatsappMediaTutorial\WhatsappMediaTutorial.csproj", "{24668418-02F8-4F50-A09C-D56F8239C3A8}"
EndProject
Project("{FAE04EC0-301F-11D3-BF4B-00C04F79EFBC}") = "WhatsappMediaTutorial.Tests", "WhatsappMediaTutorial.Tests\WhatsappMediaTutorial.Tests.csproj", "{ECED54F0-D812-4FB3-A087-3DEF0C223709}"
EndProject
Global
	GlobalSection(SolutionConfigurationPlatforms) = preSolution
		Debug|Any CPU = Debug|Any CPU
		Release|Any CPU = Release|Any CPU
	EndGlobalSection
	GlobalSection(ProjectConfigurationPlatforms) = postSolution
		{24668418-02F8-4F50-A09C-D56F8239C3A8}.Debug|Any CPU.ActiveCfg = Debug|Any CPU
		{24668418-02F8-4F50-A09C-D56F8239C3A8}.Debug|Any CPU.Build.0 = Debug|Any CPU
		{24668418-02F8-4F50-A09C-D56F8239C3A8}.Release|Any CPU.ActiveCfg = Release|Any CPU
		{24668418-02F8-4F50-A09C-D56F8239C3A8}.Release|Any CPU.Build.0 = Release|Any CPU
		{ECED54F0-D812-4FB3-A087-3DEF0C223709}.Debug|Any CPU.ActiveCfg = Debug|Any CPU
		{ECED54F0-D812-4FB3-A087-3DEF0C223709}.Debug|Any CPU.Build.0 = Debug|Any CPU
		{ECED54F0-D812-4FB3-A087-3DEF0C223709}.Release|Any CPU.ActiveCfg = Release|Any CPU
		{ECED54F0-D812-4FB3-A087-3DEF0C223709}.Release|Any CPU.Build.0 = Release|Any CPU
	EndGlobalSection
	GlobalSection(SolutionProperties) = preSolution
		HideSolutionNode = FALSE
	EndGlobalSection
	GlobalSection(ExtensibilityGlobals) = postSolution
		SolutionGuid = {AE9E4DEE-FBD5-4BB3-8996-D91E4067E198}
	EndGlobalSection
EndGlobal
